
Microsoft Visual Studio Solution File, Format Version 12.00
# Visual Studio 15
VisualStudioVersion = 15.0.27130.2003
MinimumVisualStudioVersion = 10.0.40219.1
Project("{FAE04EC0-301F-11D3-BF4B-00C04F79EFBC}") = "WindowsFormAD", "WindowsFormAD\WindowsFormAD.csproj", "{9317AA7D-D472-4F94-8209-5D14DF5FBFB9}"
EndProject
Global
	GlobalSection(SolutionConfigurationPlatforms) = preSolution
		Debug|Any CPU = Debug|Any CPU
		Release|Any CPU = Release|Any CPU
	EndGlobalSection
	GlobalSection(ProjectConfigurationPlatforms) = postSolution
		{9317AA7D-D472-4F94-8209-5D14DF5FBFB9}.Debug|Any CPU.ActiveCfg = Debug|Any CPU
		{9317AA7D-D472-4F94-8209-5D14DF5FBFB9}.Debug|Any CPU.Build.0 = Debug|Any CPU
		{9317AA7D-D472-4F94-8209-5D14DF5FBFB9}.Release|Any CPU.ActiveCfg = Release|Any CPU
		{9317AA7D-D472-4F94-8209-5D14DF5FBFB9}.Release|Any CPU.Build.0 = Release|Any CPU
	EndGlobalSection
	GlobalSection(SolutionProperties) = preSolution
		HideSolutionNode = FALSE
	EndGlobalSection
	GlobalSection(ExtensibilityGlobals) = postSolution
		SolutionGuid = {AB0EACE3-F17C-46F0-92C4-484F9AC0FB5A}
	EndGlobalSection
EndGlobal
